
Microsoft Visual Studio Solution File, Format Version 12.00
# Visual Studio Version 16
VisualStudioVersion = 16.0.810.6
MinimumVisualStudioVersion = 10.0.40219.1
Project("{FAE04EC0-301F-11D3-BF4B-00C04F79EFBC}") = "while_pla", "while_pla\while_pla.csproj", "{6AB22816-B861-40BF-823D-8F645224E8C5}"
EndProject
Global
	GlobalSection(SolutionConfigurationPlatforms) = preSolution
		Debug|Any CPU = Debug|Any CPU
		Release|Any CPU = Release|Any CPU
	EndGlobalSection
	GlobalSection(ProjectConfigurationPlatforms) = postSolution
		{6AB22816-B861-40BF-823D-8F645224E8C5}.Debug|Any CPU.ActiveCfg = Debug|Any CPU
		{6AB22816-B861-40BF-823D-8F645224E8C5}.Debug|Any CPU.Build.0 = Debug|Any CPU
		{6AB22816-B861-40BF-823D-8F645224E8C5}.Release|Any CPU.ActiveCfg = Release|Any CPU
		{6AB22816-B861-40BF-823D-8F645224E8C5}.Release|Any CPU.Build.0 = Release|Any CPU
	EndGlobalSection
	GlobalSection(SolutionProperties) = preSolution
		HideSolutionNode = FALSE
	EndGlobalSection
	GlobalSection(ExtensibilityGlobals) = postSolution
		SolutionGuid = {5F4BD7D2-9A4B-4245-BEB4-4897B0E5A070}
	EndGlobalSection
EndGlobal
