
Microsoft Visual Studio Solution File, Format Version 12.00
# Visual Studio Version 16
VisualStudioVersion = 16.0.810.6
MinimumVisualStudioVersion = 10.0.40219.1
Project("{FAE04EC0-301F-11D3-BF4B-00C04F79EFBC}") = "class_pla1", "class_pla1\class_pla1.csproj", "{97689789-3388-4341-BCCB-2E083CD1CBE3}"
EndProject
Global
	GlobalSection(SolutionConfigurationPlatforms) = preSolution
		Debug|Any CPU = Debug|Any CPU
		Release|Any CPU = Release|Any CPU
	EndGlobalSection
	GlobalSection(ProjectConfigurationPlatforms) = postSolution
		{97689789-3388-4341-BCCB-2E083CD1CBE3}.Debug|Any CPU.ActiveCfg = Debug|Any CPU
		{97689789-3388-4341-BCCB-2E083CD1CBE3}.Debug|Any CPU.Build.0 = Debug|Any CPU
		{97689789-3388-4341-BCCB-2E083CD1CBE3}.Release|Any CPU.ActiveCfg = Release|Any CPU
		{97689789-3388-4341-BCCB-2E083CD1CBE3}.Release|Any CPU.Build.0 = Release|Any CPU
	EndGlobalSection
	GlobalSection(SolutionProperties) = preSolution
		HideSolutionNode = FALSE
	EndGlobalSection
	GlobalSection(ExtensibilityGlobals) = postSolution
		SolutionGuid = {1A39ABE4-4938-446D-871A-D2DA45CAF37F}
	EndGlobalSection
EndGlobal
