
Microsoft Visual Studio Solution File, Format Version 12.00
# Visual Studio Version 16
VisualStudioVersion = 16.0.810.6
MinimumVisualStudioVersion = 10.0.40219.1
Project("{FAE04EC0-301F-11D3-BF4B-00C04F79EFBC}") = "proparty2", "proparty2\proparty2.csproj", "{15A13BF0-D4F2-45A7-878B-2D09AB7963DD}"
EndProject
Global
	GlobalSection(SolutionConfigurationPlatforms) = preSolution
		Debug|Any CPU = Debug|Any CPU
		Release|Any CPU = Release|Any CPU
	EndGlobalSection
	GlobalSection(ProjectConfigurationPlatforms) = postSolution
		{15A13BF0-D4F2-45A7-878B-2D09AB7963DD}.Debug|Any CPU.ActiveCfg = Debug|Any CPU
		{15A13BF0-D4F2-45A7-878B-2D09AB7963DD}.Debug|Any CPU.Build.0 = Debug|Any CPU
		{15A13BF0-D4F2-45A7-878B-2D09AB7963DD}.Release|Any CPU.ActiveCfg = Release|Any CPU
		{15A13BF0-D4F2-45A7-878B-2D09AB7963DD}.Release|Any CPU.Build.0 = Release|Any CPU
	EndGlobalSection
	GlobalSection(SolutionProperties) = preSolution
		HideSolutionNode = FALSE
	EndGlobalSection
	GlobalSection(ExtensibilityGlobals) = postSolution
		SolutionGuid = {BFAF36E4-B412-4873-BDDB-5BC93C9077A2}
	EndGlobalSection
EndGlobal
