
Microsoft Visual Studio Solution File, Format Version 12.00
# Visual Studio Version 16
VisualStudioVersion = 16.0.809.9
MinimumVisualStudioVersion = 10.0.40219.1
Project("{FAE04EC0-301F-11D3-BF4B-00C04F79EFBC}") = "Hello_mac", "Hello_mac\Hello_mac.csproj", "{0F320D6F-A087-4C6D-8E28-40FAE3A85BDE}"
EndProject
Global
	GlobalSection(SolutionConfigurationPlatforms) = preSolution
		Debug|Any CPU = Debug|Any CPU
		Release|Any CPU = Release|Any CPU
	EndGlobalSection
	GlobalSection(ProjectConfigurationPlatforms) = postSolution
		{0F320D6F-A087-4C6D-8E28-40FAE3A85BDE}.Debug|Any CPU.ActiveCfg = Debug|Any CPU
		{0F320D6F-A087-4C6D-8E28-40FAE3A85BDE}.Debug|Any CPU.Build.0 = Debug|Any CPU
		{0F320D6F-A087-4C6D-8E28-40FAE3A85BDE}.Release|Any CPU.ActiveCfg = Release|Any CPU
		{0F320D6F-A087-4C6D-8E28-40FAE3A85BDE}.Release|Any CPU.Build.0 = Release|Any CPU
	EndGlobalSection
	GlobalSection(SolutionProperties) = preSolution
		HideSolutionNode = FALSE
	EndGlobalSection
	GlobalSection(ExtensibilityGlobals) = postSolution
		SolutionGuid = {28287565-7041-4529-9A1C-CF3A3820C4BE}
	EndGlobalSection
EndGlobal
