
Microsoft Visual Studio Solution File, Format Version 12.00
# Visual Studio Version 16
VisualStudioVersion = 16.0.810.6
MinimumVisualStudioVersion = 10.0.40219.1
Project("{FAE04EC0-301F-11D3-BF4B-00C04F79EFBC}") = "proparty_pla", "proparty_pla\proparty_pla.csproj", "{B02F2CAE-A22B-481D-B10E-1A0EDDA515CD}"
EndProject
Global
	GlobalSection(SolutionConfigurationPlatforms) = preSolution
		Debug|Any CPU = Debug|Any CPU
		Release|Any CPU = Release|Any CPU
	EndGlobalSection
	GlobalSection(ProjectConfigurationPlatforms) = postSolution
		{B02F2CAE-A22B-481D-B10E-1A0EDDA515CD}.Debug|Any CPU.ActiveCfg = Debug|Any CPU
		{B02F2CAE-A22B-481D-B10E-1A0EDDA515CD}.Debug|Any CPU.Build.0 = Debug|Any CPU
		{B02F2CAE-A22B-481D-B10E-1A0EDDA515CD}.Release|Any CPU.ActiveCfg = Release|Any CPU
		{B02F2CAE-A22B-481D-B10E-1A0EDDA515CD}.Release|Any CPU.Build.0 = Release|Any CPU
	EndGlobalSection
	GlobalSection(SolutionProperties) = preSolution
		HideSolutionNode = FALSE
	EndGlobalSection
	GlobalSection(ExtensibilityGlobals) = postSolution
		SolutionGuid = {2CDE7EAF-3478-4388-A80D-879D7D4AE0BA}
	EndGlobalSection
EndGlobal
