
Microsoft Visual Studio Solution File, Format Version 12.00
# Visual Studio Version 16
VisualStudioVersion = 16.0.810.5
MinimumVisualStudioVersion = 10.0.40219.1
Project("{FAE04EC0-301F-11D3-BF4B-00C04F79EFBC}") = "method_pla", "method_pla\method_pla.csproj", "{074FA8A6-C5E5-4C77-9DD1-1C82113EABC7}"
EndProject
Global
	GlobalSection(SolutionConfigurationPlatforms) = preSolution
		Debug|Any CPU = Debug|Any CPU
		Release|Any CPU = Release|Any CPU
	EndGlobalSection
	GlobalSection(ProjectConfigurationPlatforms) = postSolution
		{074FA8A6-C5E5-4C77-9DD1-1C82113EABC7}.Debug|Any CPU.ActiveCfg = Debug|Any CPU
		{074FA8A6-C5E5-4C77-9DD1-1C82113EABC7}.Debug|Any CPU.Build.0 = Debug|Any CPU
		{074FA8A6-C5E5-4C77-9DD1-1C82113EABC7}.Release|Any CPU.ActiveCfg = Release|Any CPU
		{074FA8A6-C5E5-4C77-9DD1-1C82113EABC7}.Release|Any CPU.Build.0 = Release|Any CPU
	EndGlobalSection
	GlobalSection(SolutionProperties) = preSolution
		HideSolutionNode = FALSE
	EndGlobalSection
	GlobalSection(ExtensibilityGlobals) = postSolution
		SolutionGuid = {42219A59-7893-46C8-93A4-981A6AE1F1EC}
	EndGlobalSection
EndGlobal
